
Microsoft Visual Studio Solution File, Format Version 12.00
# Visual Studio Version 17
VisualStudioVersion = 17.5.33414.496
MinimumVisualStudioVersion = 10.0.40219.1
Project("{8BC9CEB8-8B4A-11D0-8D11-00A0C91BC942}") = "bkjn", "bkjn\bkjn.vcxproj", "{24C06DF5-C38F-474A-91F4-4B2FD91BCB9E}"
EndProject
Global
	GlobalSection(SolutionConfigurationPlatforms) = preSolution
		Debug|x64 = Debug|x64
		Debug|x86 = Debug|x86
		Release|x64 = Release|x64
		Release|x86 = Release|x86
	EndGlobalSection
	GlobalSection(ProjectConfigurationPlatforms) = postSolution
		{24C06DF5-C38F-474A-91F4-4B2FD91BCB9E}.Debug|x64.ActiveCfg = Debug|x64
		{24C06DF5-C38F-474A-91F4-4B2FD91BCB9E}.Debug|x64.Build.0 = Debug|x64
		{24C06DF5-C38F-474A-91F4-4B2FD91BCB9E}.Debug|x86.ActiveCfg = Debug|Win32
		{24C06DF5-C38F-474A-91F4-4B2FD91BCB9E}.Debug|x86.Build.0 = Debug|Win32
		{24C06DF5-C38F-474A-91F4-4B2FD91BCB9E}.Release|x64.ActiveCfg = Release|x64
		{24C06DF5-C38F-474A-91F4-4B2FD91BCB9E}.Release|x64.Build.0 = Release|x64
		{24C06DF5-C38F-474A-91F4-4B2FD91BCB9E}.Release|x86.ActiveCfg = Release|Win32
		{24C06DF5-C38F-474A-91F4-4B2FD91BCB9E}.Release|x86.Build.0 = Release|Win32
	EndGlobalSection
	GlobalSection(SolutionProperties) = preSolution
		HideSolutionNode = FALSE
	EndGlobalSection
	GlobalSection(ExtensibilityGlobals) = postSolution
		SolutionGuid = {16578FBC-C01B-4967-AE0E-0838E415C919}
	EndGlobalSection
EndGlobal
